
Microsoft Visual Studio Solution File, Format Version 12.00
# Visual Studio Version 17
VisualStudioVersion = 17.11.35312.102
MinimumVisualStudioVersion = 10.0.40219.1
Project("{9A19103F-16F7-4668-BE54-9A1E7A4F7556}") = "BasicDictionaryMauiApp", "BasicDictionaryMauiApp\BasicDictionaryMauiApp.csproj", "{F642FF9C-8166-4621-9084-F90C74C378F8}"
EndProject
Project("{FAE04EC0-301F-11D3-BF4B-00C04F79EFBC}") = "BasicDictionary.Dal", "BasicDictionary.Dal\BasicDictionary.Dal.csproj", "{EA30A510-8AE6-4AC5-93C8-1D415ABFE27D}"
EndProject
Project("{2150E333-8FDC-42A3-9474-1A3956D46DE8}") = "Services", "Services", "{02EA681E-C7D8-13C7-8484-4AC65E1B71E8}"
EndProject
Project("{2150E333-8FDC-42A3-9474-1A3956D46DE8}") = "Shared", "Shared", "{E247A47E-7F35-43A3-BFED-01453DD29FBB}"
EndProject
Project("{2150E333-8FDC-42A3-9474-1A3956D46DE8}") = "Infrastructure", "Infrastructure", "{F7F74BF8-9CD9-4603-901A-7C93E74589A7}"
EndProject
Project("{2150E333-8FDC-42A3-9474-1A3956D46DE8}") = "Presentation", "Presentation", "{9A3CB79C-0DC3-4990-86DB-5E50505803C0}"
EndProject
Project("{2150E333-8FDC-42A3-9474-1A3956D46DE8}") = "IdentityServer", "IdentityServer", "{5F35DB02-F854-45B6-BA62-C8125E076F4E}"
EndProject
Project("{FAE04EC0-301F-11D3-BF4B-00C04F79EFBC}") = "IdentityServer.Api", "IdentityServer\IdentityServer.Api\IdentityServer.Api.csproj", "{B425AB3C-82D2-4B46-83C1-9749E8403CDF}"
EndProject
Project("{FAE04EC0-301F-11D3-BF4B-00C04F79EFBC}") = "WordLookupService.Api", "Services\WordLookupService.Api\WordLookupService.Api.csproj", "{3515738F-DFA6-4EA2-B220-3EEBD7DA36A4}"
EndProject
Project("{FAE04EC0-301F-11D3-BF4B-00C04F79EFBC}") = "WordDictionary.Api", "Services\WordDictionary.Api\WordDictionary.Api.csproj", "{1E64515D-D183-4292-8B5D-251B12335BC0}"
EndProject
Project("{FAE04EC0-301F-11D3-BF4B-00C04F79EFBC}") = "QueueProcessorService", "Services\QueueProcessorService\QueueProcessorService.csproj", "{CF958B15-3B7E-4A13-BF68-2D33549DFC97}"
EndProject
Project("{FAE04EC0-301F-11D3-BF4B-00C04F79EFBC}") = "Infrastructure", "Infrastructure\Infrastructure\Infrastructure.csproj", "{5CF9FD7A-C589-4A14-AF9B-C3D540CCEE5C}"
EndProject
Global
	GlobalSection(SolutionConfigurationPlatforms) = preSolution
		Debug|Any CPU = Debug|Any CPU
		Release|Any CPU = Release|Any CPU
	EndGlobalSection
	GlobalSection(ProjectConfigurationPlatforms) = postSolution
		{F642FF9C-8166-4621-9084-F90C74C378F8}.Debug|Any CPU.ActiveCfg = Debug|Any CPU
		{F642FF9C-8166-4621-9084-F90C74C378F8}.Debug|Any CPU.Build.0 = Debug|Any CPU
		{F642FF9C-8166-4621-9084-F90C74C378F8}.Debug|Any CPU.Deploy.0 = Debug|Any CPU
		{F642FF9C-8166-4621-9084-F90C74C378F8}.Release|Any CPU.ActiveCfg = Release|Any CPU
		{F642FF9C-8166-4621-9084-F90C74C378F8}.Release|Any CPU.Build.0 = Release|Any CPU
		{F642FF9C-8166-4621-9084-F90C74C378F8}.Release|Any CPU.Deploy.0 = Release|Any CPU
		{EA30A510-8AE6-4AC5-93C8-1D415ABFE27D}.Debug|Any CPU.ActiveCfg = Debug|Any CPU
		{EA30A510-8AE6-4AC5-93C8-1D415ABFE27D}.Debug|Any CPU.Build.0 = Debug|Any CPU
		{EA30A510-8AE6-4AC5-93C8-1D415ABFE27D}.Release|Any CPU.ActiveCfg = Release|Any CPU
		{EA30A510-8AE6-4AC5-93C8-1D415ABFE27D}.Release|Any CPU.Build.0 = Release|Any CPU
		{B425AB3C-82D2-4B46-83C1-9749E8403CDF}.Debug|Any CPU.ActiveCfg = Debug|Any CPU
		{B425AB3C-82D2-4B46-83C1-9749E8403CDF}.Debug|Any CPU.Build.0 = Debug|Any CPU
		{B425AB3C-82D2-4B46-83C1-9749E8403CDF}.Release|Any CPU.ActiveCfg = Release|Any CPU
		{B425AB3C-82D2-4B46-83C1-9749E8403CDF}.Release|Any CPU.Build.0 = Release|Any CPU
		{3515738F-DFA6-4EA2-B220-3EEBD7DA36A4}.Debug|Any CPU.ActiveCfg = Debug|Any CPU
		{3515738F-DFA6-4EA2-B220-3EEBD7DA36A4}.Debug|Any CPU.Build.0 = Debug|Any CPU
		{3515738F-DFA6-4EA2-B220-3EEBD7DA36A4}.Release|Any CPU.ActiveCfg = Release|Any CPU
		{3515738F-DFA6-4EA2-B220-3EEBD7DA36A4}.Release|Any CPU.Build.0 = Release|Any CPU
		{1E64515D-D183-4292-8B5D-251B12335BC0}.Debug|Any CPU.ActiveCfg = Debug|Any CPU
		{1E64515D-D183-4292-8B5D-251B12335BC0}.Debug|Any CPU.Build.0 = Debug|Any CPU
		{1E64515D-D183-4292-8B5D-251B12335BC0}.Release|Any CPU.ActiveCfg = Release|Any CPU
		{1E64515D-D183-4292-8B5D-251B12335BC0}.Release|Any CPU.Build.0 = Release|Any CPU
		{CF958B15-3B7E-4A13-BF68-2D33549DFC97}.Debug|Any CPU.ActiveCfg = Debug|Any CPU
		{CF958B15-3B7E-4A13-BF68-2D33549DFC97}.Debug|Any CPU.Build.0 = Debug|Any CPU
		{CF958B15-3B7E-4A13-BF68-2D33549DFC97}.Release|Any CPU.ActiveCfg = Release|Any CPU
		{CF958B15-3B7E-4A13-BF68-2D33549DFC97}.Release|Any CPU.Build.0 = Release|Any CPU
		{5CF9FD7A-C589-4A14-AF9B-C3D540CCEE5C}.Debug|Any CPU.ActiveCfg = Debug|Any CPU
		{5CF9FD7A-C589-4A14-AF9B-C3D540CCEE5C}.Debug|Any CPU.Build.0 = Debug|Any CPU
		{5CF9FD7A-C589-4A14-AF9B-C3D540CCEE5C}.Release|Any CPU.ActiveCfg = Release|Any CPU
		{5CF9FD7A-C589-4A14-AF9B-C3D540CCEE5C}.Release|Any CPU.Build.0 = Release|Any CPU
	EndGlobalSection
	GlobalSection(SolutionProperties) = preSolution
		HideSolutionNode = FALSE
	EndGlobalSection
	GlobalSection(NestedProjects) = preSolution
		{F642FF9C-8166-4621-9084-F90C74C378F8} = {9A3CB79C-0DC3-4990-86DB-5E50505803C0}
		{EA30A510-8AE6-4AC5-93C8-1D415ABFE27D} = {F7F74BF8-9CD9-4603-901A-7C93E74589A7}
		{B425AB3C-82D2-4B46-83C1-9749E8403CDF} = {5F35DB02-F854-45B6-BA62-C8125E076F4E}
		{3515738F-DFA6-4EA2-B220-3EEBD7DA36A4} = {02EA681E-C7D8-13C7-8484-4AC65E1B71E8}
		{1E64515D-D183-4292-8B5D-251B12335BC0} = {02EA681E-C7D8-13C7-8484-4AC65E1B71E8}
		{CF958B15-3B7E-4A13-BF68-2D33549DFC97} = {02EA681E-C7D8-13C7-8484-4AC65E1B71E8}
		{5CF9FD7A-C589-4A14-AF9B-C3D540CCEE5C} = {F7F74BF8-9CD9-4603-901A-7C93E74589A7}
	EndGlobalSection
	GlobalSection(ExtensibilityGlobals) = postSolution
		SolutionGuid = {8AFD13DF-C3B6-489D-8049-A04ABC5C3EFB}
	EndGlobalSection
EndGlobal
